
Microsoft Visual Studio Solution File, Format Version 12.00
# Visual Studio 2013
VisualStudioVersion = 12.0.21005.1
MinimumVisualStudioVersion = 10.0.40219.1
Project("{FAE04EC0-301F-11D3-BF4B-00C04F79EFBC}") = "CTC_Preprocessing", "CTC_Preprocessing\CTC_Preprocessing.csproj", "{0BC06052-0C4C-4FA3-BAFF-D5C6FEA09F10}"
EndProject
Global
	GlobalSection(SolutionConfigurationPlatforms) = preSolution
		Debug|Any CPU = Debug|Any CPU
		Release|Any CPU = Release|Any CPU
	EndGlobalSection
	GlobalSection(ProjectConfigurationPlatforms) = postSolution
		{0BC06052-0C4C-4FA3-BAFF-D5C6FEA09F10}.Debug|Any CPU.ActiveCfg = Debug|Any CPU
		{0BC06052-0C4C-4FA3-BAFF-D5C6FEA09F10}.Debug|Any CPU.Build.0 = Debug|Any CPU
		{0BC06052-0C4C-4FA3-BAFF-D5C6FEA09F10}.Release|Any CPU.ActiveCfg = Release|Any CPU
		{0BC06052-0C4C-4FA3-BAFF-D5C6FEA09F10}.Release|Any CPU.Build.0 = Release|Any CPU
	EndGlobalSection
	GlobalSection(SolutionProperties) = preSolution
		HideSolutionNode = FALSE
	EndGlobalSection
EndGlobal
